// !$*UTF8*$!
{
	archiveVersion = 1;
	classes = {
	};
	objectVersion = 56;
	objects = {

/* Begin PBXBuildFile section */
		0426C2D92E6F261700BA6881 /* User.swift in Sources */ = {isa = PBXBuildFile; fileRef = 0426C2D82E6F261700BA6881 /* User.swift */; };
		0426C2DB2E6F26AE00BA6881 /* Organization.swift in Sources */ = {isa = PBXBuildFile; fileRef = 0426C2DA2E6F26AE00BA6881 /* Organization.swift */; };
		0426C2DD2E6F270700BA6881 /* AdoptionStatus.swift in Sources */ = {isa = PBXBuildFile; fileRef = 0426C2DC2E6F270700BA6881 /* AdoptionStatus.swift */; };
		0426C2DF2E6F284C00BA6881 /* Age.swift in Sources */ = {isa = PBXBuildFile; fileRef = 0426C2DE2E6F284C00BA6881 /* Age.swift */; };
		0426C2E12E6F288A00BA6881 /* AnimalAttributes.swift in Sources */ = {isa = PBXBuildFile; fileRef = 0426C2E02E6F288A00BA6881 /* AnimalAttributes.swift */; };
		0426C2E32E6F28BB00BA6881 /* AnimalEnvironment.swift in Sources */ = {isa = PBXBuildFile; fileRef = 0426C2E22E6F28BB00BA6881 /* AnimalEnvironment.swift */; };
		0426C2E52E6F28E500BA6881 /* APIColors.swift in Sources */ = {isa = PBXBuildFile; fileRef = 0426C2E42E6F28E500BA6881 /* APIColors.swift */; };
		0426C2E72E6F290F00BA6881 /* Breed.swift in Sources */ = {isa = PBXBuildFile; fileRef = 0426C2E62E6F290F00BA6881 /* Breed.swift */; };
		0426C2E92E6F292A00BA6881 /* Coat.swift in Sources */ = {isa = PBXBuildFile; fileRef = 0426C2E82E6F292A00BA6881 /* Coat.swift */; };
		0426C2EB2E6F294700BA6881 /* Gender.swift in Sources */ = {isa = PBXBuildFile; fileRef = 0426C2EA2E6F294700BA6881 /* Gender.swift */; };
		0426C2ED2E6F296400BA6881 /* Pagination.swift in Sources */ = {isa = PBXBuildFile; fileRef = 0426C2EC2E6F296400BA6881 /* Pagination.swift */; };
		0426C2EF2E6F299500BA6881 /* PhotoSizes.swift in Sources */ = {isa = PBXBuildFile; fileRef = 0426C2EE2E6F299500BA6881 /* PhotoSizes.swift */; };
		0426C2F12E6F29B000BA6881 /* File.swift in Sources */ = {isa = PBXBuildFile; fileRef = 0426C2F02E6F29B000BA6881 /* File.swift */; };
		0426C2F32E6F29D600BA6881 /* VideoLink.swift in Sources */ = {isa = PBXBuildFile; fileRef = 0426C2F22E6F29D600BA6881 /* VideoLink.swift */; };
		0426C2F62E6F2A0700BA6881 /* Details.swift in Sources */ = {isa = PBXBuildFile; fileRef = 0426C2F52E6F2A0700BA6881 /* Details.swift */; };
		0426C2F82E6F2A8E00BA6881 /* AddressFetcher.swift in Sources */ = {isa = PBXBuildFile; fileRef = 0426C2F72E6F2A8E00BA6881 /* AddressFetcher.swift */; };
		0426C2FA2E6F2AB400BA6881 /* LocationManager.swift in Sources */ = {isa = PBXBuildFile; fileRef = 0426C2F92E6F2AB400BA6881 /* LocationManager.swift */; };
		0426C3002E6F6E8900BA6881 /* APIToken.swift in Sources */ = {isa = PBXBuildFile; fileRef = 0426C2FF2E6F6E8900BA6881 /* APIToken.swift */; };
		0426C3032E6F708700BA6881 /* RequestProtocol.swift in Sources */ = {isa = PBXBuildFile; fileRef = 0426C3022E6F708700BA6881 /* RequestProtocol.swift */; };
		0426C3062E6F70C300BA6881 /* NetworkError.swift in Sources */ = {isa = PBXBuildFile; fileRef = 0426C3052E6F70C300BA6881 /* NetworkError.swift */; };
		0426C3082E6F711C00BA6881 /* RequestManager.swift in Sources */ = {isa = PBXBuildFile; fileRef = 0426C3072E6F711C00BA6881 /* RequestManager.swift */; };
		0426C30A2E6F714C00BA6881 /* APIManager.swift in Sources */ = {isa = PBXBuildFile; fileRef = 0426C3092E6F714C00BA6881 /* APIManager.swift */; };
		0426C30D2E6F719800BA6881 /* DataParser.swift in Sources */ = {isa = PBXBuildFile; fileRef = 0426C30C2E6F719800BA6881 /* DataParser.swift */; };
		0426C30F2E6F71DF00BA6881 /* RequestType.swift in Sources */ = {isa = PBXBuildFile; fileRef = 0426C30E2E6F71DF00BA6881 /* RequestType.swift */; };
		0426C3122E6F724C00BA6881 /* AuthTokenRequest.swift in Sources */ = {isa = PBXBuildFile; fileRef = 0426C3112E6F724C00BA6881 /* AuthTokenRequest.swift */; };
		0426C3152E6F727A00BA6881 /* AnimalsRequest.swift in Sources */ = {isa = PBXBuildFile; fileRef = 0426C3142E6F727A00BA6881 /* AnimalsRequest.swift */; };
		0426C3182E6F748300BA6881 /* AccessTokenManager.swift in Sources */ = {isa = PBXBuildFile; fileRef = 0426C3172E6F748300BA6881 /* AccessTokenManager.swift */; };
		0426C31A2E6F75DD00BA6881 /* AppUserDefaultsKeys.swift in Sources */ = {isa = PBXBuildFile; fileRef = 0426C3192E6F75DD00BA6881 /* AppUserDefaultsKeys.swift */; };
		045A75612E6F182C00D101A9 /* PetFinderApp.swift in Sources */ = {isa = PBXBuildFile; fileRef = 045A75602E6F182C00D101A9 /* PetFinderApp.swift */; };
		045A75632E6F182C00D101A9 /* ContentView.swift in Sources */ = {isa = PBXBuildFile; fileRef = 045A75622E6F182C00D101A9 /* ContentView.swift */; };
		045A75652E6F182D00D101A9 /* Assets.xcassets in Resources */ = {isa = PBXBuildFile; fileRef = 045A75642E6F182D00D101A9 /* Assets.xcassets */; };
		045A75682E6F182D00D101A9 /* Preview Assets.xcassets in Resources */ = {isa = PBXBuildFile; fileRef = 045A75672E6F182D00D101A9 /* Preview Assets.xcassets */; };
		045A756A2E6F182D00D101A9 /* Persistence.swift in Sources */ = {isa = PBXBuildFile; fileRef = 045A75692E6F182D00D101A9 /* Persistence.swift */; };
		045A756D2E6F182D00D101A9 /* PetFinder.xcdatamodeld in Sources */ = {isa = PBXBuildFile; fileRef = 045A756B2E6F182D00D101A9 /* PetFinder.xcdatamodeld */; };
		045A75772E6F182D00D101A9 /* PetFinderTests.swift in Sources */ = {isa = PBXBuildFile; fileRef = 045A75762E6F182D00D101A9 /* PetFinderTests.swift */; };
		045A75812E6F182D00D101A9 /* PetFinderUITests.swift in Sources */ = {isa = PBXBuildFile; fileRef = 045A75802E6F182D00D101A9 /* PetFinderUITests.swift */; };
		045A75832E6F182D00D101A9 /* PetFinderUITestsLaunchTests.swift in Sources */ = {isa = PBXBuildFile; fileRef = 045A75822E6F182D00D101A9 /* PetFinderUITestsLaunchTests.swift */; };
		045A75952E6F19E000D101A9 /* APIConstants.swift in Sources */ = {isa = PBXBuildFile; fileRef = 045A75942E6F19E000D101A9 /* APIConstants.swift */; };
/* End PBXBuildFile section */

/* Begin PBXContainerItemProxy section */
		045A75732E6F182D00D101A9 /* PBXContainerItemProxy */ = {
			isa = PBXContainerItemProxy;
			containerPortal = 045A75552E6F182B00D101A9 /* Project object */;
			proxyType = 1;
			remoteGlobalIDString = 045A755C2E6F182C00D101A9;
			remoteInfo = PetFinder;
		};
		045A757D2E6F182D00D101A9 /* PBXContainerItemProxy */ = {
			isa = PBXContainerItemProxy;
			containerPortal = 045A75552E6F182B00D101A9 /* Project object */;
			proxyType = 1;
			remoteGlobalIDString = 045A755C2E6F182C00D101A9;
			remoteInfo = PetFinder;
		};
/* End PBXContainerItemProxy section */

/* Begin PBXFileReference section */
		0426C2D82E6F261700BA6881 /* User.swift */ = {isa = PBXFileReference; lastKnownFileType = sourcecode.swift; name = User.swift; path = PetFinder/Core/domain/model/User.swift; sourceTree = SOURCE_ROOT; };
		0426C2DA2E6F26AE00BA6881 /* Organization.swift */ = {isa = PBXFileReference; lastKnownFileType = sourcecode.swift; path = Organization.swift; sourceTree = "<group>"; };
		0426C2DC2E6F270700BA6881 /* AdoptionStatus.swift */ = {isa = PBXFileReference; lastKnownFileType = sourcecode.swift; path = AdoptionStatus.swift; sourceTree = "<group>"; };
		0426C2DE2E6F284C00BA6881 /* Age.swift */ = {isa = PBXFileReference; lastKnownFileType = sourcecode.swift; path = Age.swift; sourceTree = "<group>"; };
		0426C2E02E6F288A00BA6881 /* AnimalAttributes.swift */ = {isa = PBXFileReference; lastKnownFileType = sourcecode.swift; path = AnimalAttributes.swift; sourceTree = "<group>"; };
		0426C2E22E6F28BB00BA6881 /* AnimalEnvironment.swift */ = {isa = PBXFileReference; lastKnownFileType = sourcecode.swift; path = AnimalEnvironment.swift; sourceTree = "<group>"; };
		0426C2E42E6F28E500BA6881 /* APIColors.swift */ = {isa = PBXFileReference; lastKnownFileType = sourcecode.swift; path = APIColors.swift; sourceTree = "<group>"; };
		0426C2E62E6F290F00BA6881 /* Breed.swift */ = {isa = PBXFileReference; lastKnownFileType = sourcecode.swift; path = Breed.swift; sourceTree = "<group>"; };
		0426C2E82E6F292A00BA6881 /* Coat.swift */ = {isa = PBXFileReference; lastKnownFileType = sourcecode.swift; path = Coat.swift; sourceTree = "<group>"; };
		0426C2EA2E6F294700BA6881 /* Gender.swift */ = {isa = PBXFileReference; lastKnownFileType = sourcecode.swift; path = Gender.swift; sourceTree = "<group>"; };
		0426C2EC2E6F296400BA6881 /* Pagination.swift */ = {isa = PBXFileReference; lastKnownFileType = sourcecode.swift; path = Pagination.swift; sourceTree = "<group>"; };
		0426C2EE2E6F299500BA6881 /* PhotoSizes.swift */ = {isa = PBXFileReference; lastKnownFileType = sourcecode.swift; path = PhotoSizes.swift; sourceTree = "<group>"; };
		0426C2F02E6F29B000BA6881 /* File.swift */ = {isa = PBXFileReference; lastKnownFileType = sourcecode.swift; path = File.swift; sourceTree = "<group>"; };
		0426C2F22E6F29D600BA6881 /* VideoLink.swift */ = {isa = PBXFileReference; lastKnownFileType = sourcecode.swift; path = VideoLink.swift; sourceTree = "<group>"; };
		0426C2F52E6F2A0700BA6881 /* Details.swift */ = {isa = PBXFileReference; lastKnownFileType = sourcecode.swift; path = Details.swift; sourceTree = "<group>"; };
		0426C2F72E6F2A8E00BA6881 /* AddressFetcher.swift */ = {isa = PBXFileReference; lastKnownFileType = sourcecode.swift; path = AddressFetcher.swift; sourceTree = "<group>"; };
		0426C2F92E6F2AB400BA6881 /* LocationManager.swift */ = {isa = PBXFileReference; lastKnownFileType = sourcecode.swift; path = LocationManager.swift; sourceTree = "<group>"; };
		0426C2FF2E6F6E8900BA6881 /* APIToken.swift */ = {isa = PBXFileReference; lastKnownFileType = sourcecode.swift; path = APIToken.swift; sourceTree = "<group>"; };
		0426C3022E6F708700BA6881 /* RequestProtocol.swift */ = {isa = PBXFileReference; lastKnownFileType = sourcecode.swift; path = RequestProtocol.swift; sourceTree = "<group>"; };
		0426C3052E6F70C300BA6881 /* NetworkError.swift */ = {isa = PBXFileReference; lastKnownFileType = sourcecode.swift; path = NetworkError.swift; sourceTree = "<group>"; };
		0426C3072E6F711C00BA6881 /* RequestManager.swift */ = {isa = PBXFileReference; lastKnownFileType = sourcecode.swift; path = RequestManager.swift; sourceTree = "<group>"; };
		0426C3092E6F714C00BA6881 /* APIManager.swift */ = {isa = PBXFileReference; lastKnownFileType = sourcecode.swift; path = APIManager.swift; sourceTree = "<group>"; };
		0426C30C2E6F719800BA6881 /* DataParser.swift */ = {isa = PBXFileReference; lastKnownFileType = sourcecode.swift; path = DataParser.swift; sourceTree = "<group>"; };
		0426C30E2E6F71DF00BA6881 /* RequestType.swift */ = {isa = PBXFileReference; lastKnownFileType = sourcecode.swift; path = RequestType.swift; sourceTree = "<group>"; };
		0426C3112E6F724C00BA6881 /* AuthTokenRequest.swift */ = {isa = PBXFileReference; lastKnownFileType = sourcecode.swift; path = AuthTokenRequest.swift; sourceTree = "<group>"; };
		0426C3142E6F727A00BA6881 /* AnimalsRequest.swift */ = {isa = PBXFileReference; lastKnownFileType = sourcecode.swift; path = AnimalsRequest.swift; sourceTree = "<group>"; };
		0426C3172E6F748300BA6881 /* AccessTokenManager.swift */ = {isa = PBXFileReference; lastKnownFileType = sourcecode.swift; path = AccessTokenManager.swift; sourceTree = "<group>"; };
		0426C3192E6F75DD00BA6881 /* AppUserDefaultsKeys.swift */ = {isa = PBXFileReference; lastKnownFileType = sourcecode.swift; path = AppUserDefaultsKeys.swift; sourceTree = "<group>"; };
		045A755D2E6F182C00D101A9 /* PetFinder.app */ = {isa = PBXFileReference; explicitFileType = wrapper.application; includeInIndex = 0; path = PetFinder.app; sourceTree = BUILT_PRODUCTS_DIR; };
		045A75602E6F182C00D101A9 /* PetFinderApp.swift */ = {isa = PBXFileReference; lastKnownFileType = sourcecode.swift; path = PetFinderApp.swift; sourceTree = "<group>"; };
		045A75622E6F182C00D101A9 /* ContentView.swift */ = {isa = PBXFileReference; lastKnownFileType = sourcecode.swift; path = ContentView.swift; sourceTree = "<group>"; };
		045A75642E6F182D00D101A9 /* Assets.xcassets */ = {isa = PBXFileReference; lastKnownFileType = folder.assetcatalog; path = Assets.xcassets; sourceTree = "<group>"; };
		045A75672E6F182D00D101A9 /* Preview Assets.xcassets */ = {isa = PBXFileReference; lastKnownFileType = folder.assetcatalog; path = "Preview Assets.xcassets"; sourceTree = "<group>"; };
		045A75692E6F182D00D101A9 /* Persistence.swift */ = {isa = PBXFileReference; lastKnownFileType = sourcecode.swift; path = Persistence.swift; sourceTree = "<group>"; };
		045A756C2E6F182D00D101A9 /* PetFinder.xcdatamodel */ = {isa = PBXFileReference; lastKnownFileType = wrapper.xcdatamodel; path = PetFinder.xcdatamodel; sourceTree = "<group>"; };
		045A75722E6F182D00D101A9 /* PetFinderTests.xctest */ = {isa = PBXFileReference; explicitFileType = wrapper.cfbundle; includeInIndex = 0; path = PetFinderTests.xctest; sourceTree = BUILT_PRODUCTS_DIR; };
		045A75762E6F182D00D101A9 /* PetFinderTests.swift */ = {isa = PBXFileReference; lastKnownFileType = sourcecode.swift; path = PetFinderTests.swift; sourceTree = "<group>"; };
		045A757C2E6F182D00D101A9 /* PetFinderUITests.xctest */ = {isa = PBXFileReference; explicitFileType = wrapper.cfbundle; includeInIndex = 0; path = PetFinderUITests.xctest; sourceTree = BUILT_PRODUCTS_DIR; };
		045A75802E6F182D00D101A9 /* PetFinderUITests.swift */ = {isa = PBXFileReference; lastKnownFileType = sourcecode.swift; path = PetFinderUITests.swift; sourceTree = "<group>"; };
		045A75822E6F182D00D101A9 /* PetFinderUITestsLaunchTests.swift */ = {isa = PBXFileReference; lastKnownFileType = sourcecode.swift; path = PetFinderUITestsLaunchTests.swift; sourceTree = "<group>"; };
		045A75942E6F19E000D101A9 /* APIConstants.swift */ = {isa = PBXFileReference; lastKnownFileType = sourcecode.swift; path = APIConstants.swift; sourceTree = "<group>"; };
/* End PBXFileReference section */

/* Begin PBXFrameworksBuildPhase section */
		045A755A2E6F182C00D101A9 /* Frameworks */ = {
			isa = PBXFrameworksBuildPhase;
			buildActionMask = 2147483647;
			files = (
			);
			runOnlyForDeploymentPostprocessing = 0;
		};
		045A756F2E6F182D00D101A9 /* Frameworks */ = {
			isa = PBXFrameworksBuildPhase;
			buildActionMask = 2147483647;
			files = (
			);
			runOnlyForDeploymentPostprocessing = 0;
		};
		045A75792E6F182D00D101A9 /* Frameworks */ = {
			isa = PBXFrameworksBuildPhase;
			buildActionMask = 2147483647;
			files = (
			);
			runOnlyForDeploymentPostprocessing = 0;
		};
/* End PBXFrameworksBuildPhase section */

/* Begin PBXGroup section */
		0426C2D42E6F25CC00BA6881 /* New Group */ = {
			isa = PBXGroup;
			children = (
				0426C2D72E6F25F300BA6881 /* user */,
				0426C2D62E6F25EA00BA6881 /* organization */,
				0426C2D52E6F25E300BA6881 /* animal */,
			);
			path = "New Group";
			sourceTree = "<group>";
		};
		0426C2D52E6F25E300BA6881 /* animal */ = {
			isa = PBXGroup;
			children = (
				0426C2DC2E6F270700BA6881 /* AdoptionStatus.swift */,
				0426C2DE2E6F284C00BA6881 /* Age.swift */,
				0426C2E02E6F288A00BA6881 /* AnimalAttributes.swift */,
				0426C2E22E6F28BB00BA6881 /* AnimalEnvironment.swift */,
				0426C2E42E6F28E500BA6881 /* APIColors.swift */,
				0426C2E62E6F290F00BA6881 /* Breed.swift */,
				0426C2E82E6F292A00BA6881 /* Coat.swift */,
				0426C2EA2E6F294700BA6881 /* Gender.swift */,
				0426C2EC2E6F296400BA6881 /* Pagination.swift */,
				0426C2EE2E6F299500BA6881 /* PhotoSizes.swift */,
				0426C2F02E6F29B000BA6881 /* File.swift */,
				0426C2F22E6F29D600BA6881 /* VideoLink.swift */,
				0426C2F42E6F29E800BA6881 /* details */,
			);
			path = animal;
			sourceTree = "<group>";
		};
		0426C2D62E6F25EA00BA6881 /* organization */ = {
			isa = PBXGroup;
			children = (
				0426C2DA2E6F26AE00BA6881 /* Organization.swift */,
			);
			path = organization;
			sourceTree = "<group>";
		};
		0426C2D72E6F25F300BA6881 /* user */ = {
			isa = PBXGroup;
			children = (
				0426C2D82E6F261700BA6881 /* User.swift */,
			);
			path = user;
			sourceTree = "<group>";
		};
		0426C2F42E6F29E800BA6881 /* details */ = {
			isa = PBXGroup;
			children = (
				0426C2F52E6F2A0700BA6881 /* Details.swift */,
			);
			path = details;
			sourceTree = "<group>";
		};
		0426C2FB2E6F2B5F00BA6881 /* AnimalsNearYou */ = {
			isa = PBXGroup;
			children = (
			);
			path = AnimalsNearYou;
			sourceTree = "<group>";
		};
		0426C2FC2E6F2B6900BA6881 /* Search */ = {
			isa = PBXGroup;
			children = (
			);
			path = Search;
			sourceTree = "<group>";
		};
		0426C2FD2E6F2B7F00BA6881 /* AnimalDetails */ = {
			isa = PBXGroup;
			children = (
			);
			path = AnimalDetails;
			sourceTree = "<group>";
		};
		0426C2FE2E6F6E5000BA6881 /* model */ = {
			isa = PBXGroup;
			children = (
				0426C2FF2E6F6E8900BA6881 /* APIToken.swift */,
			);
			path = model;
			sourceTree = "<group>";
		};
		0426C3012E6F706000BA6881 /* request */ = {
			isa = PBXGroup;
			children = (
				0426C3132E6F725B00BA6881 /* animals */,
				0426C3102E6F722700BA6881 /* auth */,
				0426C3022E6F708700BA6881 /* RequestProtocol.swift */,
				0426C30E2E6F71DF00BA6881 /* RequestType.swift */,
			);
			path = request;
			sourceTree = "<group>";
		};
		0426C3042E6F70AC00BA6881 /* network */ = {
			isa = PBXGroup;
			children = (
				0426C3052E6F70C300BA6881 /* NetworkError.swift */,
				0426C3072E6F711C00BA6881 /* RequestManager.swift */,
				0426C3092E6F714C00BA6881 /* APIManager.swift */,
			);
			path = network;
			sourceTree = "<group>";
		};
		0426C30B2E6F716700BA6881 /* parser */ = {
			isa = PBXGroup;
			children = (
				0426C30C2E6F719800BA6881 /* DataParser.swift */,
			);
			path = parser;
			sourceTree = "<group>";
		};
		0426C3102E6F722700BA6881 /* auth */ = {
			isa = PBXGroup;
			children = (
				0426C3112E6F724C00BA6881 /* AuthTokenRequest.swift */,
			);
			path = auth;
			sourceTree = "<group>";
		};
		0426C3132E6F725B00BA6881 /* animals */ = {
			isa = PBXGroup;
			children = (
				0426C3142E6F727A00BA6881 /* AnimalsRequest.swift */,
			);
			path = animals;
			sourceTree = "<group>";
		};
		0426C3162E6F745D00BA6881 /* token */ = {
			isa = PBXGroup;
			children = (
				0426C3172E6F748300BA6881 /* AccessTokenManager.swift */,
			);
			path = token;
			sourceTree = "<group>";
		};
		045A75542E6F182B00D101A9 = {
			isa = PBXGroup;
			children = (
				045A755F2E6F182C00D101A9 /* PetFinder */,
				045A75752E6F182D00D101A9 /* PetFinderTests */,
				045A757F2E6F182D00D101A9 /* PetFinderUITests */,
				045A755E2E6F182C00D101A9 /* Products */,
			);
			sourceTree = "<group>";
		};
		045A755E2E6F182C00D101A9 /* Products */ = {
			isa = PBXGroup;
			children = (
				045A755D2E6F182C00D101A9 /* PetFinder.app */,
				045A75722E6F182D00D101A9 /* PetFinderTests.xctest */,
				045A757C2E6F182D00D101A9 /* PetFinderUITests.xctest */,
			);
			name = Products;
			sourceTree = "<group>";
		};
		045A755F2E6F182C00D101A9 /* PetFinder */ = {
			isa = PBXGroup;
			children = (
				0426C2FD2E6F2B7F00BA6881 /* AnimalDetails */,
				0426C2FC2E6F2B6900BA6881 /* Search */,
				0426C2FB2E6F2B5F00BA6881 /* AnimalsNearYou */,
				045A758F2E6F193300D101A9 /* Core */,
				045A75602E6F182C00D101A9 /* PetFinderApp.swift */,
				045A75622E6F182C00D101A9 /* ContentView.swift */,
				045A75642E6F182D00D101A9 /* Assets.xcassets */,
				045A75662E6F182D00D101A9 /* Preview Content */,
			);
			path = PetFinder;
			sourceTree = "<group>";
		};
		045A75662E6F182D00D101A9 /* Preview Content */ = {
			isa = PBXGroup;
			children = (
				045A75672E6F182D00D101A9 /* Preview Assets.xcassets */,
			);
			path = "Preview Content";
			sourceTree = "<group>";
		};
		045A75752E6F182D00D101A9 /* PetFinderTests */ = {
			isa = PBXGroup;
			children = (
				045A75762E6F182D00D101A9 /* PetFinderTests.swift */,
			);
			path = PetFinderTests;
			sourceTree = "<group>";
		};
		045A757F2E6F182D00D101A9 /* PetFinderUITests */ = {
			isa = PBXGroup;
			children = (
				045A75802E6F182D00D101A9 /* PetFinderUITests.swift */,
				045A75822E6F182D00D101A9 /* PetFinderUITestsLaunchTests.swift */,
			);
			path = PetFinderUITests;
			sourceTree = "<group>";
		};
		045A758F2E6F193300D101A9 /* Core */ = {
			isa = PBXGroup;
			children = (
				045A75902E6F195300D101A9 /* data */,
				045A75912E6F195900D101A9 /* domain */,
				045A75922E6F195F00D101A9 /* utils */,
			);
			path = Core;
			sourceTree = "<group>";
		};
		045A75902E6F195300D101A9 /* data */ = {
			isa = PBXGroup;
			children = (
				045A75932E6F19B000D101A9 /* api */,
				045A75962E6F19FC00D101A9 /* coreData */,
			);
			path = data;
			sourceTree = "<group>";
		};
		045A75912E6F195900D101A9 /* domain */ = {
			isa = PBXGroup;
			children = (
				0426C2D42E6F25CC00BA6881 /* New Group */,
			);
			path = domain;
			sourceTree = "<group>";
		};
		045A75922E6F195F00D101A9 /* utils */ = {
			isa = PBXGroup;
			children = (
				0426C2F72E6F2A8E00BA6881 /* AddressFetcher.swift */,
				0426C2F92E6F2AB400BA6881 /* LocationManager.swift */,
				0426C3192E6F75DD00BA6881 /* AppUserDefaultsKeys.swift */,
			);
			path = utils;
			sourceTree = "<group>";
		};
		045A75932E6F19B000D101A9 /* api */ = {
			isa = PBXGroup;
			children = (
				0426C3162E6F745D00BA6881 /* token */,
				0426C30B2E6F716700BA6881 /* parser */,
				0426C3042E6F70AC00BA6881 /* network */,
				0426C3012E6F706000BA6881 /* request */,
				0426C2FE2E6F6E5000BA6881 /* model */,
				045A75942E6F19E000D101A9 /* APIConstants.swift */,
			);
			path = api;
			sourceTree = "<group>";
		};
		045A75962E6F19FC00D101A9 /* coreData */ = {
			isa = PBXGroup;
			children = (
				045A756B2E6F182D00D101A9 /* PetFinder.xcdatamodeld */,
				045A75692E6F182D00D101A9 /* Persistence.swift */,
			);
			path = coreData;
			sourceTree = "<group>";
		};
/* End PBXGroup section */

/* Begin PBXNativeTarget section */
		045A755C2E6F182C00D101A9 /* PetFinder */ = {
			isa = PBXNativeTarget;
			buildConfigurationList = 045A75862E6F182D00D101A9 /* Build configuration list for PBXNativeTarget "PetFinder" */;
			buildPhases = (
				045A75592E6F182C00D101A9 /* Sources */,
				045A755A2E6F182C00D101A9 /* Frameworks */,
				045A755B2E6F182C00D101A9 /* Resources */,
			);
			buildRules = (
			);
			dependencies = (
			);
			name = PetFinder;
			productName = PetFinder;
			productReference = 045A755D2E6F182C00D101A9 /* PetFinder.app */;
			productType = "com.apple.product-type.application";
		};
		045A75712E6F182D00D101A9 /* PetFinderTests */ = {
			isa = PBXNativeTarget;
			buildConfigurationList = 045A75892E6F182D00D101A9 /* Build configuration list for PBXNativeTarget "PetFinderTests" */;
			buildPhases = (
				045A756E2E6F182D00D101A9 /* Sources */,
				045A756F2E6F182D00D101A9 /* Frameworks */,
				045A75702E6F182D00D101A9 /* Resources */,
			);
			buildRules = (
			);
			dependencies = (
				045A75742E6F182D00D101A9 /* PBXTargetDependency */,
			);
			name = PetFinderTests;
			productName = PetFinderTests;
			productReference = 045A75722E6F182D00D101A9 /* PetFinderTests.xctest */;
			productType = "com.apple.product-type.bundle.unit-test";
		};
		045A757B2E6F182D00D101A9 /* PetFinderUITests */ = {
			isa = PBXNativeTarget;
			buildConfigurationList = 045A758C2E6F182D00D101A9 /* Build configuration list for PBXNativeTarget "PetFinderUITests" */;
			buildPhases = (
				045A75782E6F182D00D101A9 /* Sources */,
				045A75792E6F182D00D101A9 /* Frameworks */,
				045A757A2E6F182D00D101A9 /* Resources */,
			);
			buildRules = (
			);
			dependencies = (
				045A757E2E6F182D00D101A9 /* PBXTargetDependency */,
			);
			name = PetFinderUITests;
			productName = PetFinderUITests;
			productReference = 045A757C2E6F182D00D101A9 /* PetFinderUITests.xctest */;
			productType = "com.apple.product-type.bundle.ui-testing";
		};
/* End PBXNativeTarget section */

/* Begin PBXProject section */
		045A75552E6F182B00D101A9 /* Project object */ = {
			isa = PBXProject;
			attributes = {
				BuildIndependentTargetsInParallel = 1;
				LastSwiftUpdateCheck = 1540;
				LastUpgradeCheck = 1540;
				TargetAttributes = {
					045A755C2E6F182C00D101A9 = {
						CreatedOnToolsVersion = 15.4;
					};
					045A75712E6F182D00D101A9 = {
						CreatedOnToolsVersion = 15.4;
						TestTargetID = 045A755C2E6F182C00D101A9;
					};
					045A757B2E6F182D00D101A9 = {
						CreatedOnToolsVersion = 15.4;
						TestTargetID = 045A755C2E6F182C00D101A9;
					};
				};
			};
			buildConfigurationList = 045A75582E6F182B00D101A9 /* Build configuration list for PBXProject "PetFinder" */;
			compatibilityVersion = "Xcode 14.0";
			developmentRegion = en;
			hasScannedForEncodings = 0;
			knownRegions = (
				en,
				Base,
			);
			mainGroup = 045A75542E6F182B00D101A9;
			productRefGroup = 045A755E2E6F182C00D101A9 /* Products */;
			projectDirPath = "";
			projectRoot = "";
			targets = (
				045A755C2E6F182C00D101A9 /* PetFinder */,
				045A75712E6F182D00D101A9 /* PetFinderTests */,
				045A757B2E6F182D00D101A9 /* PetFinderUITests */,
			);
		};
/* End PBXProject section */

/* Begin PBXResourcesBuildPhase section */
		045A755B2E6F182C00D101A9 /* Resources */ = {
			isa = PBXResourcesBuildPhase;
			buildActionMask = 2147483647;
			files = (
				045A75682E6F182D00D101A9 /* Preview Assets.xcassets in Resources */,
				045A75652E6F182D00D101A9 /* Assets.xcassets in Resources */,
			);
			runOnlyForDeploymentPostprocessing = 0;
		};
		045A75702E6F182D00D101A9 /* Resources */ = {
			isa = PBXResourcesBuildPhase;
			buildActionMask = 2147483647;
			files = (
			);
			runOnlyForDeploymentPostprocessing = 0;
		};
		045A757A2E6F182D00D101A9 /* Resources */ = {
			isa = PBXResourcesBuildPhase;
			buildActionMask = 2147483647;
			files = (
			);
			runOnlyForDeploymentPostprocessing = 0;
		};
/* End PBXResourcesBuildPhase section */

/* Begin PBXSourcesBuildPhase section */
		045A75592E6F182C00D101A9 /* Sources */ = {
			isa = PBXSourcesBuildPhase;
			buildActionMask = 2147483647;
			files = (
				0426C2DF2E6F284C00BA6881 /* Age.swift in Sources */,
				0426C3182E6F748300BA6881 /* AccessTokenManager.swift in Sources */,
				0426C2E72E6F290F00BA6881 /* Breed.swift in Sources */,
				045A756A2E6F182D00D101A9 /* Persistence.swift in Sources */,
				0426C30A2E6F714C00BA6881 /* APIManager.swift in Sources */,
				0426C3032E6F708700BA6881 /* RequestProtocol.swift in Sources */,
				0426C2EF2E6F299500BA6881 /* PhotoSizes.swift in Sources */,
				0426C2E52E6F28E500BA6881 /* APIColors.swift in Sources */,
				0426C2F32E6F29D600BA6881 /* VideoLink.swift in Sources */,
				0426C2F82E6F2A8E00BA6881 /* AddressFetcher.swift in Sources */,
				0426C2F62E6F2A0700BA6881 /* Details.swift in Sources */,
				0426C3002E6F6E8900BA6881 /* APIToken.swift in Sources */,
				0426C2DD2E6F270700BA6881 /* AdoptionStatus.swift in Sources */,
				0426C2ED2E6F296400BA6881 /* Pagination.swift in Sources */,
				0426C3122E6F724C00BA6881 /* AuthTokenRequest.swift in Sources */,
				0426C2F12E6F29B000BA6881 /* File.swift in Sources */,
				045A75952E6F19E000D101A9 /* APIConstants.swift in Sources */,
				0426C2EB2E6F294700BA6881 /* Gender.swift in Sources */,
				0426C31A2E6F75DD00BA6881 /* AppUserDefaultsKeys.swift in Sources */,
				0426C3152E6F727A00BA6881 /* AnimalsRequest.swift in Sources */,
				0426C3082E6F711C00BA6881 /* RequestManager.swift in Sources */,
				0426C2D92E6F261700BA6881 /* User.swift in Sources */,
				0426C2FA2E6F2AB400BA6881 /* LocationManager.swift in Sources */,
				045A75632E6F182C00D101A9 /* ContentView.swift in Sources */,
				0426C2E12E6F288A00BA6881 /* AnimalAttributes.swift in Sources */,
				0426C3062E6F70C300BA6881 /* NetworkError.swift in Sources */,
				0426C2E32E6F28BB00BA6881 /* AnimalEnvironment.swift in Sources */,
				0426C2DB2E6F26AE00BA6881 /* Organization.swift in Sources */,
				045A75612E6F182C00D101A9 /* PetFinderApp.swift in Sources */,
				0426C2E92E6F292A00BA6881 /* Coat.swift in Sources */,
				0426C30F2E6F71DF00BA6881 /* RequestType.swift in Sources */,
				0426C30D2E6F719800BA6881 /* DataParser.swift in Sources */,
				045A756D2E6F182D00D101A9 /* PetFinder.xcdatamodeld in Sources */,
			);
			runOnlyForDeploymentPostprocessing = 0;
		};
		045A756E2E6F182D00D101A9 /* Sources */ = {
			isa = PBXSourcesBuildPhase;
			buildActionMask = 2147483647;
			files = (
				045A75772E6F182D00D101A9 /* PetFinderTests.swift in Sources */,
			);
			runOnlyForDeploymentPostprocessing = 0;
		};
		045A75782E6F182D00D101A9 /* Sources */ = {
			isa = PBXSourcesBuildPhase;
			buildActionMask = 2147483647;
			files = (
				045A75832E6F182D00D101A9 /* PetFinderUITestsLaunchTests.swift in Sources */,
				045A75812E6F182D00D101A9 /* PetFinderUITests.swift in Sources */,
			);
			runOnlyForDeploymentPostprocessing = 0;
		};
/* End PBXSourcesBuildPhase section */

/* Begin PBXTargetDependency section */
		045A75742E6F182D00D101A9 /* PBXTargetDependency */ = {
			isa = PBXTargetDependency;
			target = 045A755C2E6F182C00D101A9 /* PetFinder */;
			targetProxy = 045A75732E6F182D00D101A9 /* PBXContainerItemProxy */;
		};
		045A757E2E6F182D00D101A9 /* PBXTargetDependency */ = {
			isa = PBXTargetDependency;
			target = 045A755C2E6F182C00D101A9 /* PetFinder */;
			targetProxy = 045A757D2E6F182D00D101A9 /* PBXContainerItemProxy */;
		};
/* End PBXTargetDependency section */

/* Begin XCBuildConfiguration section */
		045A75842E6F182D00D101A9 /* Debug */ = {
			isa = XCBuildConfiguration;
			buildSettings = {
				ALWAYS_SEARCH_USER_PATHS = NO;
				ASSETCATALOG_COMPILER_GENERATE_SWIFT_ASSET_SYMBOL_EXTENSIONS = YES;
				CLANG_ANALYZER_NONNULL = YES;
				CLANG_ANALYZER_NUMBER_OBJECT_CONVERSION = YES_AGGRESSIVE;
				CLANG_CXX_LANGUAGE_STANDARD = "gnu++20";
				CLANG_ENABLE_MODULES = YES;
				CLANG_ENABLE_OBJC_ARC = YES;
				CLANG_ENABLE_OBJC_WEAK = YES;
				CLANG_WARN_BLOCK_CAPTURE_AUTORELEASING = YES;
				CLANG_WARN_BOOL_CONVERSION = YES;
				CLANG_WARN_COMMA = YES;
				CLANG_WARN_CONSTANT_CONVERSION = YES;
				CLANG_WARN_DEPRECATED_OBJC_IMPLEMENTATIONS = YES;
				CLANG_WARN_DIRECT_OBJC_ISA_USAGE = YES_ERROR;
				CLANG_WARN_DOCUMENTATION_COMMENTS = YES;
				CLANG_WARN_EMPTY_BODY = YES;
				CLANG_WARN_ENUM_CONVERSION = YES;
				CLANG_WARN_INFINITE_RECURSION = YES;
				CLANG_WARN_INT_CONVERSION = YES;
				CLANG_WARN_NON_LITERAL_NULL_CONVERSION = YES;
				CLANG_WARN_OBJC_IMPLICIT_RETAIN_SELF = YES;
				CLANG_WARN_OBJC_LITERAL_CONVERSION = YES;
				CLANG_WARN_OBJC_ROOT_CLASS = YES_ERROR;
				CLANG_WARN_QUOTED_INCLUDE_IN_FRAMEWORK_HEADER = YES;
				CLANG_WARN_RANGE_LOOP_ANALYSIS = YES;
				CLANG_WARN_STRICT_PROTOTYPES = YES;
				CLANG_WARN_SUSPICIOUS_MOVE = YES;
				CLANG_WARN_UNGUARDED_AVAILABILITY = YES_AGGRESSIVE;
				CLANG_WARN_UNREACHABLE_CODE = YES;
				CLANG_WARN__DUPLICATE_METHOD_MATCH = YES;
				COPY_PHASE_STRIP = NO;
				DEBUG_INFORMATION_FORMAT = dwarf;
				ENABLE_STRICT_OBJC_MSGSEND = YES;
				ENABLE_TESTABILITY = YES;
				ENABLE_USER_SCRIPT_SANDBOXING = YES;
				GCC_C_LANGUAGE_STANDARD = gnu17;
				GCC_DYNAMIC_NO_PIC = NO;
				GCC_NO_COMMON_BLOCKS = YES;
				GCC_OPTIMIZATION_LEVEL = 0;
				GCC_PREPROCESSOR_DEFINITIONS = (
					"DEBUG=1",
					"$(inherited)",
				);
				GCC_WARN_64_TO_32_BIT_CONVERSION = YES;
				GCC_WARN_ABOUT_RETURN_TYPE = YES_ERROR;
				GCC_WARN_UNDECLARED_SELECTOR = YES;
				GCC_WARN_UNINITIALIZED_AUTOS = YES_AGGRESSIVE;
				GCC_WARN_UNUSED_FUNCTION = YES;
				GCC_WARN_UNUSED_VARIABLE = YES;
				IPHONEOS_DEPLOYMENT_TARGET = 17.5;
				LOCALIZATION_PREFERS_STRING_CATALOGS = YES;
				MTL_ENABLE_DEBUG_INFO = INCLUDE_SOURCE;
				MTL_FAST_MATH = YES;
				ONLY_ACTIVE_ARCH = YES;
				SDKROOT = iphoneos;
				SWIFT_ACTIVE_COMPILATION_CONDITIONS = "DEBUG $(inherited)";
				SWIFT_OPTIMIZATION_LEVEL = "-Onone";
			};
			name = Debug;
		};
		045A75852E6F182D00D101A9 /* Release */ = {
			isa = XCBuildConfiguration;
			buildSettings = {
				ALWAYS_SEARCH_USER_PATHS = NO;
				ASSETCATALOG_COMPILER_GENERATE_SWIFT_ASSET_SYMBOL_EXTENSIONS = YES;
				CLANG_ANALYZER_NONNULL = YES;
				CLANG_ANALYZER_NUMBER_OBJECT_CONVERSION = YES_AGGRESSIVE;
				CLANG_CXX_LANGUAGE_STANDARD = "gnu++20";
				CLANG_ENABLE_MODULES = YES;
				CLANG_ENABLE_OBJC_ARC = YES;
				CLANG_ENABLE_OBJC_WEAK = YES;
				CLANG_WARN_BLOCK_CAPTURE_AUTORELEASING = YES;
				CLANG_WARN_BOOL_CONVERSION = YES;
				CLANG_WARN_COMMA = YES;
				CLANG_WARN_CONSTANT_CONVERSION = YES;
				CLANG_WARN_DEPRECATED_OBJC_IMPLEMENTATIONS = YES;
				CLANG_WARN_DIRECT_OBJC_ISA_USAGE = YES_ERROR;
				CLANG_WARN_DOCUMENTATION_COMMENTS = YES;
				CLANG_WARN_EMPTY_BODY = YES;
				CLANG_WARN_ENUM_CONVERSION = YES;
				CLANG_WARN_INFINITE_RECURSION = YES;
				CLANG_WARN_INT_CONVERSION = YES;
				CLANG_WARN_NON_LITERAL_NULL_CONVERSION = YES;
				CLANG_WARN_OBJC_IMPLICIT_RETAIN_SELF = YES;
				CLANG_WARN_OBJC_LITERAL_CONVERSION = YES;
				CLANG_WARN_OBJC_ROOT_CLASS = YES_ERROR;
				CLANG_WARN_QUOTED_INCLUDE_IN_FRAMEWORK_HEADER = YES;
				CLANG_WARN_RANGE_LOOP_ANALYSIS = YES;
				CLANG_WARN_STRICT_PROTOTYPES = YES;
				CLANG_WARN_SUSPICIOUS_MOVE = YES;
				CLANG_WARN_UNGUARDED_AVAILABILITY = YES_AGGRESSIVE;
				CLANG_WARN_UNREACHABLE_CODE = YES;
				CLANG_WARN__DUPLICATE_METHOD_MATCH = YES;
				COPY_PHASE_STRIP = NO;
				DEBUG_INFORMATION_FORMAT = "dwarf-with-dsym";
				ENABLE_NS_ASSERTIONS = NO;
				ENABLE_STRICT_OBJC_MSGSEND = YES;
				ENABLE_USER_SCRIPT_SANDBOXING = YES;
				GCC_C_LANGUAGE_STANDARD = gnu17;
				GCC_NO_COMMON_BLOCKS = YES;
				GCC_WARN_64_TO_32_BIT_CONVERSION = YES;
				GCC_WARN_ABOUT_RETURN_TYPE = YES_ERROR;
				GCC_WARN_UNDECLARED_SELECTOR = YES;
				GCC_WARN_UNINITIALIZED_AUTOS = YES_AGGRESSIVE;
				GCC_WARN_UNUSED_FUNCTION = YES;
				GCC_WARN_UNUSED_VARIABLE = YES;
				IPHONEOS_DEPLOYMENT_TARGET = 17.5;
				LOCALIZATION_PREFERS_STRING_CATALOGS = YES;
				MTL_ENABLE_DEBUG_INFO = NO;
				MTL_FAST_MATH = YES;
				SDKROOT = iphoneos;
				SWIFT_COMPILATION_MODE = wholemodule;
				VALIDATE_PRODUCT = YES;
			};
			name = Release;
		};
		045A75872E6F182D00D101A9 /* Debug */ = {
			isa = XCBuildConfiguration;
			buildSettings = {
				ASSETCATALOG_COMPILER_APPICON_NAME = AppIcon;
				ASSETCATALOG_COMPILER_GLOBAL_ACCENT_COLOR_NAME = AccentColor;
				CODE_SIGN_STYLE = Automatic;
				CURRENT_PROJECT_VERSION = 1;
				DEVELOPMENT_ASSET_PATHS = "\"PetFinder/Preview Content\"";
				DEVELOPMENT_TEAM = 7M79SK3NGL;
				ENABLE_PREVIEWS = YES;
				GENERATE_INFOPLIST_FILE = YES;
				INFOPLIST_KEY_UIApplicationSceneManifest_Generation = YES;
				INFOPLIST_KEY_UIApplicationSupportsIndirectInputEvents = YES;
				INFOPLIST_KEY_UILaunchScreen_Generation = YES;
				INFOPLIST_KEY_UISupportedInterfaceOrientations_iPad = "UIInterfaceOrientationPortrait UIInterfaceOrientationPortraitUpsideDown UIInterfaceOrientationLandscapeLeft UIInterfaceOrientationLandscapeRight";
				INFOPLIST_KEY_UISupportedInterfaceOrientations_iPhone = "UIInterfaceOrientationPortrait UIInterfaceOrientationLandscapeLeft UIInterfaceOrientationLandscapeRight";
				LD_RUNPATH_SEARCH_PATHS = (
					"$(inherited)",
					"@executable_path/Frameworks",
				);
				MARKETING_VERSION = 1.0;
				PRODUCT_BUNDLE_IDENTIFIER = com.example.PetFinder;
				PRODUCT_NAME = "$(TARGET_NAME)";
				SWIFT_EMIT_LOC_STRINGS = YES;
				SWIFT_VERSION = 5.0;
				TARGETED_DEVICE_FAMILY = "1,2";
			};
			name = Debug;
		};
		045A75882E6F182D00D101A9 /* Release */ = {
			isa = XCBuildConfiguration;
			buildSettings = {
				ASSETCATALOG_COMPILER_APPICON_NAME = AppIcon;
				ASSETCATALOG_COMPILER_GLOBAL_ACCENT_COLOR_NAME = AccentColor;
				CODE_SIGN_STYLE = Automatic;
				CURRENT_PROJECT_VERSION = 1;
				DEVELOPMENT_ASSET_PATHS = "\"PetFinder/Preview Content\"";
				DEVELOPMENT_TEAM = 7M79SK3NGL;
				ENABLE_PREVIEWS = YES;
				GENERATE_INFOPLIST_FILE = YES;
				INFOPLIST_KEY_UIApplicationSceneManifest_Generation = YES;
				INFOPLIST_KEY_UIApplicationSupportsIndirectInputEvents = YES;
				INFOPLIST_KEY_UILaunchScreen_Generation = YES;
				INFOPLIST_KEY_UISupportedInterfaceOrientations_iPad = "UIInterfaceOrientationPortrait UIInterfaceOrientationPortraitUpsideDown UIInterfaceOrientationLandscapeLeft UIInterfaceOrientationLandscapeRight";
				INFOPLIST_KEY_UISupportedInterfaceOrientations_iPhone = "UIInterfaceOrientationPortrait UIInterfaceOrientationLandscapeLeft UIInterfaceOrientationLandscapeRight";
				LD_RUNPATH_SEARCH_PATHS = (
					"$(inherited)",
					"@executable_path/Frameworks",
				);
				MARKETING_VERSION = 1.0;
				PRODUCT_BUNDLE_IDENTIFIER = com.example.PetFinder;
				PRODUCT_NAME = "$(TARGET_NAME)";
				SWIFT_EMIT_LOC_STRINGS = YES;
				SWIFT_VERSION = 5.0;
				TARGETED_DEVICE_FAMILY = "1,2";
			};
			name = Release;
		};
		045A758A2E6F182D00D101A9 /* Debug */ = {
			isa = XCBuildConfiguration;
			buildSettings = {
				ALWAYS_EMBED_SWIFT_STANDARD_LIBRARIES = YES;
				BUNDLE_LOADER = "$(TEST_HOST)";
				CODE_SIGN_STYLE = Automatic;
				CURRENT_PROJECT_VERSION = 1;
				DEVELOPMENT_TEAM = 7M79SK3NGL;
				GENERATE_INFOPLIST_FILE = YES;
				IPHONEOS_DEPLOYMENT_TARGET = 17.5;
				MARKETING_VERSION = 1.0;
				PRODUCT_BUNDLE_IDENTIFIER = com.example.PetFinderTests;
				PRODUCT_NAME = "$(TARGET_NAME)";
				SWIFT_EMIT_LOC_STRINGS = NO;
				SWIFT_VERSION = 5.0;
				TARGETED_DEVICE_FAMILY = "1,2";
				TEST_HOST = "$(BUILT_PRODUCTS_DIR)/PetFinder.app/$(BUNDLE_EXECUTABLE_FOLDER_PATH)/PetFinder";
			};
			name = Debug;
		};
		045A758B2E6F182D00D101A9 /* Release */ = {
			isa = XCBuildConfiguration;
			buildSettings = {
				ALWAYS_EMBED_SWIFT_STANDARD_LIBRARIES = YES;
				BUNDLE_LOADER = "$(TEST_HOST)";
				CODE_SIGN_STYLE = Automatic;
				CURRENT_PROJECT_VERSION = 1;
				DEVELOPMENT_TEAM = 7M79SK3NGL;
				GENERATE_INFOPLIST_FILE = YES;
				IPHONEOS_DEPLOYMENT_TARGET = 17.5;
				MARKETING_VERSION = 1.0;
				PRODUCT_BUNDLE_IDENTIFIER = com.example.PetFinderTests;
				PRODUCT_NAME = "$(TARGET_NAME)";
				SWIFT_EMIT_LOC_STRINGS = NO;
				SWIFT_VERSION = 5.0;
				TARGETED_DEVICE_FAMILY = "1,2";
				TEST_HOST = "$(BUILT_PRODUCTS_DIR)/PetFinder.app/$(BUNDLE_EXECUTABLE_FOLDER_PATH)/PetFinder";
			};
			name = Release;
		};
		045A758D2E6F182D00D101A9 /* Debug */ = {
			isa = XCBuildConfiguration;
			buildSettings = {
				ALWAYS_EMBED_SWIFT_STANDARD_LIBRARIES = YES;
				CODE_SIGN_STYLE = Automatic;
				CURRENT_PROJECT_VERSION = 1;
				DEVELOPMENT_TEAM = 7M79SK3NGL;
				GENERATE_INFOPLIST_FILE = YES;
				MARKETING_VERSION = 1.0;
				PRODUCT_BUNDLE_IDENTIFIER = com.example.PetFinderUITests;
				PRODUCT_NAME = "$(TARGET_NAME)";
				SWIFT_EMIT_LOC_STRINGS = NO;
				SWIFT_VERSION = 5.0;
				TARGETED_DEVICE_FAMILY = "1,2";
				TEST_TARGET_NAME = PetFinder;
			};
			name = Debug;
		};
		045A758E2E6F182D00D101A9 /* Release */ = {
			isa = XCBuildConfiguration;
			buildSettings = {
				ALWAYS_EMBED_SWIFT_STANDARD_LIBRARIES = YES;
				CODE_SIGN_STYLE = Automatic;
				CURRENT_PROJECT_VERSION = 1;
				DEVELOPMENT_TEAM = 7M79SK3NGL;
				GENERATE_INFOPLIST_FILE = YES;
				MARKETING_VERSION = 1.0;
				PRODUCT_BUNDLE_IDENTIFIER = com.example.PetFinderUITests;
				PRODUCT_NAME = "$(TARGET_NAME)";
				SWIFT_EMIT_LOC_STRINGS = NO;
				SWIFT_VERSION = 5.0;
				TARGETED_DEVICE_FAMILY = "1,2";
				TEST_TARGET_NAME = PetFinder;
			};
			name = Release;
		};
/* End XCBuildConfiguration section */

/* Begin XCConfigurationList section */
		045A75582E6F182B00D101A9 /* Build configuration list for PBXProject "PetFinder" */ = {
			isa = XCConfigurationList;
			buildConfigurations = (
				045A75842E6F182D00D101A9 /* Debug */,
				045A75852E6F182D00D101A9 /* Release */,
			);
			defaultConfigurationIsVisible = 0;
			defaultConfigurationName = Release;
		};
		045A75862E6F182D00D101A9 /* Build configuration list for PBXNativeTarget "PetFinder" */ = {
			isa = XCConfigurationList;
			buildConfigurations = (
				045A75872E6F182D00D101A9 /* Debug */,
				045A75882E6F182D00D101A9 /* Release */,
			);
			defaultConfigurationIsVisible = 0;
			defaultConfigurationName = Release;
		};
		045A75892E6F182D00D101A9 /* Build configuration list for PBXNativeTarget "PetFinderTests" */ = {
			isa = XCConfigurationList;
			buildConfigurations = (
				045A758A2E6F182D00D101A9 /* Debug */,
				045A758B2E6F182D00D101A9 /* Release */,
			);
			defaultConfigurationIsVisible = 0;
			defaultConfigurationName = Release;
		};
		045A758C2E6F182D00D101A9 /* Build configuration list for PBXNativeTarget "PetFinderUITests" */ = {
			isa = XCConfigurationList;
			buildConfigurations = (
				045A758D2E6F182D00D101A9 /* Debug */,
				045A758E2E6F182D00D101A9 /* Release */,
			);
			defaultConfigurationIsVisible = 0;
			defaultConfigurationName = Release;
		};
/* End XCConfigurationList section */

/* Begin XCVersionGroup section */
		045A756B2E6F182D00D101A9 /* PetFinder.xcdatamodeld */ = {
			isa = XCVersionGroup;
			children = (
				045A756C2E6F182D00D101A9 /* PetFinder.xcdatamodel */,
			);
			currentVersion = 045A756C2E6F182D00D101A9 /* PetFinder.xcdatamodel */;
			path = PetFinder.xcdatamodeld;
			sourceTree = "<group>";
			versionGroupType = wrapper.xcdatamodel;
		};
/* End XCVersionGroup section */
	};
	rootObject = 045A75552E6F182B00D101A9 /* Project object */;
}
